
Microsoft Visual Studio Solution File, Format Version 12.00
Project("{FAE04EC0-301F-11D3-BF4B-00C04F79EFBC}") = "Nxg.Web", "Nxg.Web\Nxg.Web.csproj", "{59149041-A037-4E99-ADFC-C53A3CC04A52}"
EndProject
Global
	GlobalSection(SolutionConfigurationPlatforms) = preSolution
		Debug|Any CPU = Debug|Any CPU
		Release|Any CPU = Release|Any CPU
	EndGlobalSection
	GlobalSection(ProjectConfigurationPlatforms) = postSolution
		{59149041-A037-4E99-ADFC-C53A3CC04A52}.Debug|Any CPU.ActiveCfg = Debug|Any CPU
		{59149041-A037-4E99-ADFC-C53A3CC04A52}.Debug|Any CPU.Build.0 = Debug|Any CPU
		{59149041-A037-4E99-ADFC-C53A3CC04A52}.Release|Any CPU.ActiveCfg = Release|Any CPU
		{59149041-A037-4E99-ADFC-C53A3CC04A52}.Release|Any CPU.Build.0 = Release|Any CPU
	EndGlobalSection
EndGlobal
